
Microsoft Visual Studio Solution File, Format Version 12.00
# Visual Studio 15
VisualStudioVersion = 15.0.27703.2035
MinimumVisualStudioVersion = 10.0.40219.1
Project("{FAE04EC0-301F-11D3-BF4B-00C04F79EFBC}") = "RobotWang", "RobotWang\RobotWang.csproj", "{FAA1F722-4AD8-4FAB-902B-1F798841CC0B}"
EndProject
Global
	GlobalSection(SolutionConfigurationPlatforms) = preSolution
		Debug|Any CPU = Debug|Any CPU
		Release|Any CPU = Release|Any CPU
	EndGlobalSection
	GlobalSection(ProjectConfigurationPlatforms) = postSolution
		{FAA1F722-4AD8-4FAB-902B-1F798841CC0B}.Debug|Any CPU.ActiveCfg = Debug|Any CPU
		{FAA1F722-4AD8-4FAB-902B-1F798841CC0B}.Debug|Any CPU.Build.0 = Debug|Any CPU
		{FAA1F722-4AD8-4FAB-902B-1F798841CC0B}.Release|Any CPU.ActiveCfg = Release|Any CPU
		{FAA1F722-4AD8-4FAB-902B-1F798841CC0B}.Release|Any CPU.Build.0 = Release|Any CPU
	EndGlobalSection
	GlobalSection(SolutionProperties) = preSolution
		HideSolutionNode = FALSE
	EndGlobalSection
	GlobalSection(ExtensibilityGlobals) = postSolution
		SolutionGuid = {C2F1F174-52BD-4362-9818-8A646F61C51F}
	EndGlobalSection
EndGlobal
